
Microsoft Visual Studio Solution File, Format Version 12.00
# Visual Studio Version 17
VisualStudioVersion = 17.0.31903.59
MinimumVisualStudioVersion = 10.0.40219.1
Project("{FAE04EC0-301F-11D3-BF4B-00C04F79EFBC}") = "POO-AP05", "POO-AP05\POO-AP05.csproj", "{AB8D8A7B-783C-48EB-A746-ADC9D86D4296}"
EndProject
Project("{FAE04EC0-301F-11D3-BF4B-00C04F79EFBC}") = "Exercicio 1", "Exercicio 1\Exercicio 1.csproj", "{477C74A0-95DA-4B8D-9A5F-EAFEA5F2F4EA}"
EndProject
Project("{FAE04EC0-301F-11D3-BF4B-00C04F79EFBC}") = "Exercicio 2", "Exercicio 2\Exercicio 2.csproj", "{DDCB2BC9-4FA2-451C-832A-A43087F41C91}"
EndProject
Project("{FAE04EC0-301F-11D3-BF4B-00C04F79EFBC}") = "Exercicio 3", "Exercicio 3\Exercicio 3.csproj", "{F02F7E05-1F42-4702-BDA3-34FCC8615968}"
EndProject
Project("{FAE04EC0-301F-11D3-BF4B-00C04F79EFBC}") = "Exercicio 4", "Exercicio 4\Exercicio 4.csproj", "{5E559A99-3D5A-40D2-9684-D546B79871A8}"
EndProject
Project("{FAE04EC0-301F-11D3-BF4B-00C04F79EFBC}") = "Exercicio 5", "Exercicio 5\Exercicio 5.csproj", "{DF0D7F6D-2449-49AC-BBD8-10C95159A887}"
EndProject
Project("{FAE04EC0-301F-11D3-BF4B-00C04F79EFBC}") = "Exercicio 6", "Exercicio 6\Exercicio 6.csproj", "{D9F8C6E4-216C-43B1-9BA4-594C723B12A0}"
EndProject
Project("{FAE04EC0-301F-11D3-BF4B-00C04F79EFBC}") = "Exercicio 7", "Exercicio 7\Exercicio 7.csproj", "{87E243E6-A431-414D-96E6-8551F577E76B}"
EndProject
Project("{FAE04EC0-301F-11D3-BF4B-00C04F79EFBC}") = "Exercicio 8", "Exercicio 8\Exercicio 8.csproj", "{885B2B4A-E4E5-4228-A25C-3883076A9186}"
EndProject
Project("{FAE04EC0-301F-11D3-BF4B-00C04F79EFBC}") = "Exercicio 9", "Exercicio 9\Exercicio 9.csproj", "{335B7507-3C33-4CA6-A712-0C7F4C95C7CE}"
EndProject
Project("{FAE04EC0-301F-11D3-BF4B-00C04F79EFBC}") = "Exercicio 10", "Exercicio 10\Exercicio 10.csproj", "{BA90FC63-3B25-46D6-B64B-758BCDF9CAB7}"
EndProject
Global
	GlobalSection(SolutionConfigurationPlatforms) = preSolution
		Debug|Any CPU = Debug|Any CPU
		Debug|x64 = Debug|x64
		Debug|x86 = Debug|x86
		Release|Any CPU = Release|Any CPU
		Release|x64 = Release|x64
		Release|x86 = Release|x86
	EndGlobalSection
	GlobalSection(ProjectConfigurationPlatforms) = postSolution
		{AB8D8A7B-783C-48EB-A746-ADC9D86D4296}.Debug|Any CPU.ActiveCfg = Debug|Any CPU
		{AB8D8A7B-783C-48EB-A746-ADC9D86D4296}.Debug|Any CPU.Build.0 = Debug|Any CPU
		{AB8D8A7B-783C-48EB-A746-ADC9D86D4296}.Debug|x64.ActiveCfg = Debug|Any CPU
		{AB8D8A7B-783C-48EB-A746-ADC9D86D4296}.Debug|x64.Build.0 = Debug|Any CPU
		{AB8D8A7B-783C-48EB-A746-ADC9D86D4296}.Debug|x86.ActiveCfg = Debug|Any CPU
		{AB8D8A7B-783C-48EB-A746-ADC9D86D4296}.Debug|x86.Build.0 = Debug|Any CPU
		{AB8D8A7B-783C-48EB-A746-ADC9D86D4296}.Release|Any CPU.ActiveCfg = Release|Any CPU
		{AB8D8A7B-783C-48EB-A746-ADC9D86D4296}.Release|Any CPU.Build.0 = Release|Any CPU
		{AB8D8A7B-783C-48EB-A746-ADC9D86D4296}.Release|x64.ActiveCfg = Release|Any CPU
		{AB8D8A7B-783C-48EB-A746-ADC9D86D4296}.Release|x64.Build.0 = Release|Any CPU
		{AB8D8A7B-783C-48EB-A746-ADC9D86D4296}.Release|x86.ActiveCfg = Release|Any CPU
		{AB8D8A7B-783C-48EB-A746-ADC9D86D4296}.Release|x86.Build.0 = Release|Any CPU
		{477C74A0-95DA-4B8D-9A5F-EAFEA5F2F4EA}.Debug|Any CPU.ActiveCfg = Debug|Any CPU
		{477C74A0-95DA-4B8D-9A5F-EAFEA5F2F4EA}.Debug|Any CPU.Build.0 = Debug|Any CPU
		{477C74A0-95DA-4B8D-9A5F-EAFEA5F2F4EA}.Debug|x64.ActiveCfg = Debug|Any CPU
		{477C74A0-95DA-4B8D-9A5F-EAFEA5F2F4EA}.Debug|x64.Build.0 = Debug|Any CPU
		{477C74A0-95DA-4B8D-9A5F-EAFEA5F2F4EA}.Debug|x86.ActiveCfg = Debug|Any CPU
		{477C74A0-95DA-4B8D-9A5F-EAFEA5F2F4EA}.Debug|x86.Build.0 = Debug|Any CPU
		{477C74A0-95DA-4B8D-9A5F-EAFEA5F2F4EA}.Release|Any CPU.ActiveCfg = Release|Any CPU
		{477C74A0-95DA-4B8D-9A5F-EAFEA5F2F4EA}.Release|Any CPU.Build.0 = Release|Any CPU
		{477C74A0-95DA-4B8D-9A5F-EAFEA5F2F4EA}.Release|x64.ActiveCfg = Release|Any CPU
		{477C74A0-95DA-4B8D-9A5F-EAFEA5F2F4EA}.Release|x64.Build.0 = Release|Any CPU
		{477C74A0-95DA-4B8D-9A5F-EAFEA5F2F4EA}.Release|x86.ActiveCfg = Release|Any CPU
		{477C74A0-95DA-4B8D-9A5F-EAFEA5F2F4EA}.Release|x86.Build.0 = Release|Any CPU
		{DDCB2BC9-4FA2-451C-832A-A43087F41C91}.Debug|Any CPU.ActiveCfg = Debug|Any CPU
		{DDCB2BC9-4FA2-451C-832A-A43087F41C91}.Debug|Any CPU.Build.0 = Debug|Any CPU
		{DDCB2BC9-4FA2-451C-832A-A43087F41C91}.Debug|x64.ActiveCfg = Debug|Any CPU
		{DDCB2BC9-4FA2-451C-832A-A43087F41C91}.Debug|x64.Build.0 = Debug|Any CPU
		{DDCB2BC9-4FA2-451C-832A-A43087F41C91}.Debug|x86.ActiveCfg = Debug|Any CPU
		{DDCB2BC9-4FA2-451C-832A-A43087F41C91}.Debug|x86.Build.0 = Debug|Any CPU
		{DDCB2BC9-4FA2-451C-832A-A43087F41C91}.Release|Any CPU.ActiveCfg = Release|Any CPU
		{DDCB2BC9-4FA2-451C-832A-A43087F41C91}.Release|Any CPU.Build.0 = Release|Any CPU
		{DDCB2BC9-4FA2-451C-832A-A43087F41C91}.Release|x64.ActiveCfg = Release|Any CPU
		{DDCB2BC9-4FA2-451C-832A-A43087F41C91}.Release|x64.Build.0 = Release|Any CPU
		{DDCB2BC9-4FA2-451C-832A-A43087F41C91}.Release|x86.ActiveCfg = Release|Any CPU
		{DDCB2BC9-4FA2-451C-832A-A43087F41C91}.Release|x86.Build.0 = Release|Any CPU
		{F02F7E05-1F42-4702-BDA3-34FCC8615968}.Debug|Any CPU.ActiveCfg = Debug|Any CPU
		{F02F7E05-1F42-4702-BDA3-34FCC8615968}.Debug|Any CPU.Build.0 = Debug|Any CPU
		{F02F7E05-1F42-4702-BDA3-34FCC8615968}.Debug|x64.ActiveCfg = Debug|Any CPU
		{F02F7E05-1F42-4702-BDA3-34FCC8615968}.Debug|x64.Build.0 = Debug|Any CPU
		{F02F7E05-1F42-4702-BDA3-34FCC8615968}.Debug|x86.ActiveCfg = Debug|Any CPU
		{F02F7E05-1F42-4702-BDA3-34FCC8615968}.Debug|x86.Build.0 = Debug|Any CPU
		{F02F7E05-1F42-4702-BDA3-34FCC8615968}.Release|Any CPU.ActiveCfg = Release|Any CPU
		{F02F7E05-1F42-4702-BDA3-34FCC8615968}.Release|Any CPU.Build.0 = Release|Any CPU
		{F02F7E05-1F42-4702-BDA3-34FCC8615968}.Release|x64.ActiveCfg = Release|Any CPU
		{F02F7E05-1F42-4702-BDA3-34FCC8615968}.Release|x64.Build.0 = Release|Any CPU
		{F02F7E05-1F42-4702-BDA3-34FCC8615968}.Release|x86.ActiveCfg = Release|Any CPU
		{F02F7E05-1F42-4702-BDA3-34FCC8615968}.Release|x86.Build.0 = Release|Any CPU
		{5E559A99-3D5A-40D2-9684-D546B79871A8}.Debug|Any CPU.ActiveCfg = Debug|Any CPU
		{5E559A99-3D5A-40D2-9684-D546B79871A8}.Debug|Any CPU.Build.0 = Debug|Any CPU
		{5E559A99-3D5A-40D2-9684-D546B79871A8}.Debug|x64.ActiveCfg = Debug|Any CPU
		{5E559A99-3D5A-40D2-9684-D546B79871A8}.Debug|x64.Build.0 = Debug|Any CPU
		{5E559A99-3D5A-40D2-9684-D546B79871A8}.Debug|x86.ActiveCfg = Debug|Any CPU
		{5E559A99-3D5A-40D2-9684-D546B79871A8}.Debug|x86.Build.0 = Debug|Any CPU
		{5E559A99-3D5A-40D2-9684-D546B79871A8}.Release|Any CPU.ActiveCfg = Release|Any CPU
		{5E559A99-3D5A-40D2-9684-D546B79871A8}.Release|Any CPU.Build.0 = Release|Any CPU
		{5E559A99-3D5A-40D2-9684-D546B79871A8}.Release|x64.ActiveCfg = Release|Any CPU
		{5E559A99-3D5A-40D2-9684-D546B79871A8}.Release|x64.Build.0 = Release|Any CPU
		{5E559A99-3D5A-40D2-9684-D546B79871A8}.Release|x86.ActiveCfg = Release|Any CPU
		{5E559A99-3D5A-40D2-9684-D546B79871A8}.Release|x86.Build.0 = Release|Any CPU
		{DF0D7F6D-2449-49AC-BBD8-10C95159A887}.Debug|Any CPU.ActiveCfg = Debug|Any CPU
		{DF0D7F6D-2449-49AC-BBD8-10C95159A887}.Debug|Any CPU.Build.0 = Debug|Any CPU
		{DF0D7F6D-2449-49AC-BBD8-10C95159A887}.Debug|x64.ActiveCfg = Debug|Any CPU
		{DF0D7F6D-2449-49AC-BBD8-10C95159A887}.Debug|x64.Build.0 = Debug|Any CPU
		{DF0D7F6D-2449-49AC-BBD8-10C95159A887}.Debug|x86.ActiveCfg = Debug|Any CPU
		{DF0D7F6D-2449-49AC-BBD8-10C95159A887}.Debug|x86.Build.0 = Debug|Any CPU
		{DF0D7F6D-2449-49AC-BBD8-10C95159A887}.Release|Any CPU.ActiveCfg = Release|Any CPU
		{DF0D7F6D-2449-49AC-BBD8-10C95159A887}.Release|Any CPU.Build.0 = Release|Any CPU
		{DF0D7F6D-2449-49AC-BBD8-10C95159A887}.Release|x64.ActiveCfg = Release|Any CPU
		{DF0D7F6D-2449-49AC-BBD8-10C95159A887}.Release|x64.Build.0 = Release|Any CPU
		{DF0D7F6D-2449-49AC-BBD8-10C95159A887}.Release|x86.ActiveCfg = Release|Any CPU
		{DF0D7F6D-2449-49AC-BBD8-10C95159A887}.Release|x86.Build.0 = Release|Any CPU
		{D9F8C6E4-216C-43B1-9BA4-594C723B12A0}.Debug|Any CPU.ActiveCfg = Debug|Any CPU
		{D9F8C6E4-216C-43B1-9BA4-594C723B12A0}.Debug|Any CPU.Build.0 = Debug|Any CPU
		{D9F8C6E4-216C-43B1-9BA4-594C723B12A0}.Debug|x64.ActiveCfg = Debug|Any CPU
		{D9F8C6E4-216C-43B1-9BA4-594C723B12A0}.Debug|x64.Build.0 = Debug|Any CPU
		{D9F8C6E4-216C-43B1-9BA4-594C723B12A0}.Debug|x86.ActiveCfg = Debug|Any CPU
		{D9F8C6E4-216C-43B1-9BA4-594C723B12A0}.Debug|x86.Build.0 = Debug|Any CPU
		{D9F8C6E4-216C-43B1-9BA4-594C723B12A0}.Release|Any CPU.ActiveCfg = Release|Any CPU
		{D9F8C6E4-216C-43B1-9BA4-594C723B12A0}.Release|Any CPU.Build.0 = Release|Any CPU
		{D9F8C6E4-216C-43B1-9BA4-594C723B12A0}.Release|x64.ActiveCfg = Release|Any CPU
		{D9F8C6E4-216C-43B1-9BA4-594C723B12A0}.Release|x64.Build.0 = Release|Any CPU
		{D9F8C6E4-216C-43B1-9BA4-594C723B12A0}.Release|x86.ActiveCfg = Release|Any CPU
		{D9F8C6E4-216C-43B1-9BA4-594C723B12A0}.Release|x86.Build.0 = Release|Any CPU
		{87E243E6-A431-414D-96E6-8551F577E76B}.Debug|Any CPU.ActiveCfg = Debug|Any CPU
		{87E243E6-A431-414D-96E6-8551F577E76B}.Debug|Any CPU.Build.0 = Debug|Any CPU
		{87E243E6-A431-414D-96E6-8551F577E76B}.Debug|x64.ActiveCfg = Debug|Any CPU
		{87E243E6-A431-414D-96E6-8551F577E76B}.Debug|x64.Build.0 = Debug|Any CPU
		{87E243E6-A431-414D-96E6-8551F577E76B}.Debug|x86.ActiveCfg = Debug|Any CPU
		{87E243E6-A431-414D-96E6-8551F577E76B}.Debug|x86.Build.0 = Debug|Any CPU
		{87E243E6-A431-414D-96E6-8551F577E76B}.Release|Any CPU.ActiveCfg = Release|Any CPU
		{87E243E6-A431-414D-96E6-8551F577E76B}.Release|Any CPU.Build.0 = Release|Any CPU
		{87E243E6-A431-414D-96E6-8551F577E76B}.Release|x64.ActiveCfg = Release|Any CPU
		{87E243E6-A431-414D-96E6-8551F577E76B}.Release|x64.Build.0 = Release|Any CPU
		{87E243E6-A431-414D-96E6-8551F577E76B}.Release|x86.ActiveCfg = Release|Any CPU
		{87E243E6-A431-414D-96E6-8551F577E76B}.Release|x86.Build.0 = Release|Any CPU
		{885B2B4A-E4E5-4228-A25C-3883076A9186}.Debug|Any CPU.ActiveCfg = Debug|Any CPU
		{885B2B4A-E4E5-4228-A25C-3883076A9186}.Debug|Any CPU.Build.0 = Debug|Any CPU
		{885B2B4A-E4E5-4228-A25C-3883076A9186}.Debug|x64.ActiveCfg = Debug|Any CPU
		{885B2B4A-E4E5-4228-A25C-3883076A9186}.Debug|x64.Build.0 = Debug|Any CPU
		{885B2B4A-E4E5-4228-A25C-3883076A9186}.Debug|x86.ActiveCfg = Debug|Any CPU
		{885B2B4A-E4E5-4228-A25C-3883076A9186}.Debug|x86.Build.0 = Debug|Any CPU
		{885B2B4A-E4E5-4228-A25C-3883076A9186}.Release|Any CPU.ActiveCfg = Release|Any CPU
		{885B2B4A-E4E5-4228-A25C-3883076A9186}.Release|Any CPU.Build.0 = Release|Any CPU
		{885B2B4A-E4E5-4228-A25C-3883076A9186}.Release|x64.ActiveCfg = Release|Any CPU
		{885B2B4A-E4E5-4228-A25C-3883076A9186}.Release|x64.Build.0 = Release|Any CPU
		{885B2B4A-E4E5-4228-A25C-3883076A9186}.Release|x86.ActiveCfg = Release|Any CPU
		{885B2B4A-E4E5-4228-A25C-3883076A9186}.Release|x86.Build.0 = Release|Any CPU
		{335B7507-3C33-4CA6-A712-0C7F4C95C7CE}.Debug|Any CPU.ActiveCfg = Debug|Any CPU
		{335B7507-3C33-4CA6-A712-0C7F4C95C7CE}.Debug|Any CPU.Build.0 = Debug|Any CPU
		{335B7507-3C33-4CA6-A712-0C7F4C95C7CE}.Debug|x64.ActiveCfg = Debug|Any CPU
		{335B7507-3C33-4CA6-A712-0C7F4C95C7CE}.Debug|x64.Build.0 = Debug|Any CPU
		{335B7507-3C33-4CA6-A712-0C7F4C95C7CE}.Debug|x86.ActiveCfg = Debug|Any CPU
		{335B7507-3C33-4CA6-A712-0C7F4C95C7CE}.Debug|x86.Build.0 = Debug|Any CPU
		{335B7507-3C33-4CA6-A712-0C7F4C95C7CE}.Release|Any CPU.ActiveCfg = Release|Any CPU
		{335B7507-3C33-4CA6-A712-0C7F4C95C7CE}.Release|Any CPU.Build.0 = Release|Any CPU
		{335B7507-3C33-4CA6-A712-0C7F4C95C7CE}.Release|x64.ActiveCfg = Release|Any CPU
		{335B7507-3C33-4CA6-A712-0C7F4C95C7CE}.Release|x64.Build.0 = Release|Any CPU
		{335B7507-3C33-4CA6-A712-0C7F4C95C7CE}.Release|x86.ActiveCfg = Release|Any CPU
		{335B7507-3C33-4CA6-A712-0C7F4C95C7CE}.Release|x86.Build.0 = Release|Any CPU
		{BA90FC63-3B25-46D6-B64B-758BCDF9CAB7}.Debug|Any CPU.ActiveCfg = Debug|Any CPU
		{BA90FC63-3B25-46D6-B64B-758BCDF9CAB7}.Debug|Any CPU.Build.0 = Debug|Any CPU
		{BA90FC63-3B25-46D6-B64B-758BCDF9CAB7}.Debug|x64.ActiveCfg = Debug|Any CPU
		{BA90FC63-3B25-46D6-B64B-758BCDF9CAB7}.Debug|x64.Build.0 = Debug|Any CPU
		{BA90FC63-3B25-46D6-B64B-758BCDF9CAB7}.Debug|x86.ActiveCfg = Debug|Any CPU
		{BA90FC63-3B25-46D6-B64B-758BCDF9CAB7}.Debug|x86.Build.0 = Debug|Any CPU
		{BA90FC63-3B25-46D6-B64B-758BCDF9CAB7}.Release|Any CPU.ActiveCfg = Release|Any CPU
		{BA90FC63-3B25-46D6-B64B-758BCDF9CAB7}.Release|Any CPU.Build.0 = Release|Any CPU
		{BA90FC63-3B25-46D6-B64B-758BCDF9CAB7}.Release|x64.ActiveCfg = Release|Any CPU
		{BA90FC63-3B25-46D6-B64B-758BCDF9CAB7}.Release|x64.Build.0 = Release|Any CPU
		{BA90FC63-3B25-46D6-B64B-758BCDF9CAB7}.Release|x86.ActiveCfg = Release|Any CPU
		{BA90FC63-3B25-46D6-B64B-758BCDF9CAB7}.Release|x86.Build.0 = Release|Any CPU
	EndGlobalSection
	GlobalSection(SolutionProperties) = preSolution
		HideSolutionNode = FALSE
	EndGlobalSection
EndGlobal
